
Microsoft Visual Studio Solution File, Format Version 12.00
# Visual Studio Version 16
VisualStudioVersion = 16.0.30711.63
MinimumVisualStudioVersion = 10.0.40219.1
Project("{FAE04EC0-301F-11D3-BF4B-00C04F79EFBC}") = "Chess", "ChessWPF\Chess.csproj", "{554A3092-222C-4AB0-9669-337EC4C1D8DD}"
EndProject
Project("{FAE04EC0-301F-11D3-BF4B-00C04F79EFBC}") = "ChessWPF", "ChessWPF1\ChessWPF.csproj", "{0FB71A9B-B9F5-41F0-B53A-0DF5F5176068}"
EndProject
Global
	GlobalSection(SolutionConfigurationPlatforms) = preSolution
		Debug|Any CPU = Debug|Any CPU
		Release|Any CPU = Release|Any CPU
	EndGlobalSection
	GlobalSection(ProjectConfigurationPlatforms) = postSolution
		{554A3092-222C-4AB0-9669-337EC4C1D8DD}.Debug|Any CPU.ActiveCfg = Debug|Any CPU
		{554A3092-222C-4AB0-9669-337EC4C1D8DD}.Debug|Any CPU.Build.0 = Debug|Any CPU
		{554A3092-222C-4AB0-9669-337EC4C1D8DD}.Release|Any CPU.ActiveCfg = Release|Any CPU
		{554A3092-222C-4AB0-9669-337EC4C1D8DD}.Release|Any CPU.Build.0 = Release|Any CPU
		{0FB71A9B-B9F5-41F0-B53A-0DF5F5176068}.Debug|Any CPU.ActiveCfg = Debug|Any CPU
		{0FB71A9B-B9F5-41F0-B53A-0DF5F5176068}.Debug|Any CPU.Build.0 = Debug|Any CPU
		{0FB71A9B-B9F5-41F0-B53A-0DF5F5176068}.Release|Any CPU.ActiveCfg = Release|Any CPU
		{0FB71A9B-B9F5-41F0-B53A-0DF5F5176068}.Release|Any CPU.Build.0 = Release|Any CPU
	EndGlobalSection
	GlobalSection(SolutionProperties) = preSolution
		HideSolutionNode = FALSE
	EndGlobalSection
	GlobalSection(ExtensibilityGlobals) = postSolution
		SolutionGuid = {152202D0-8F78-496D-B9A0-30AC109B0E96}
	EndGlobalSection
EndGlobal
